
Microsoft Visual Studio Solution File, Format Version 12.00
# Visual Studio Version 16
VisualStudioVersion = 16.0.31112.23
MinimumVisualStudioVersion = 10.0.40219.1
Project("{FAE04EC0-301F-11D3-BF4B-00C04F79EFBC}") = "P.I - Cadastro de Produtos", "P.I - Cadastro de Produtos\P.I - Cadastro de Produtos.csproj", "{598ADFBA-95D6-46A1-8DEB-3B95681E226B}"
EndProject
Global
	GlobalSection(SolutionConfigurationPlatforms) = preSolution
		Debug|Any CPU = Debug|Any CPU
		Release|Any CPU = Release|Any CPU
	EndGlobalSection
	GlobalSection(ProjectConfigurationPlatforms) = postSolution
		{598ADFBA-95D6-46A1-8DEB-3B95681E226B}.Debug|Any CPU.ActiveCfg = Debug|Any CPU
		{598ADFBA-95D6-46A1-8DEB-3B95681E226B}.Debug|Any CPU.Build.0 = Debug|Any CPU
		{598ADFBA-95D6-46A1-8DEB-3B95681E226B}.Release|Any CPU.ActiveCfg = Release|Any CPU
		{598ADFBA-95D6-46A1-8DEB-3B95681E226B}.Release|Any CPU.Build.0 = Release|Any CPU
	EndGlobalSection
	GlobalSection(SolutionProperties) = preSolution
		HideSolutionNode = FALSE
	EndGlobalSection
	GlobalSection(ExtensibilityGlobals) = postSolution
		SolutionGuid = {3530269C-7999-4335-989C-A0B51E72EBE4}
	EndGlobalSection
EndGlobal
